
Microsoft Visual Studio Solution File, Format Version 12.00
# Visual Studio Version 16
VisualStudioVersion = 16.0.30804.86
MinimumVisualStudioVersion = 10.0.40219.1
Project("{FAE04EC0-301F-11D3-BF4B-00C04F79EFBC}") = "MultiBackend", "MultiBackend\MultiBackend.csproj", "{2496279B-72AC-4D23-B586-F50E01960086}"
EndProject
Global
	GlobalSection(SolutionConfigurationPlatforms) = preSolution
		Debug|Any CPU = Debug|Any CPU
		Release|Any CPU = Release|Any CPU
	EndGlobalSection
	GlobalSection(ProjectConfigurationPlatforms) = postSolution
		{2496279B-72AC-4D23-B586-F50E01960086}.Debug|Any CPU.ActiveCfg = Debug|Any CPU
		{2496279B-72AC-4D23-B586-F50E01960086}.Debug|Any CPU.Build.0 = Debug|Any CPU
		{2496279B-72AC-4D23-B586-F50E01960086}.Release|Any CPU.ActiveCfg = Release|Any CPU
		{2496279B-72AC-4D23-B586-F50E01960086}.Release|Any CPU.Build.0 = Release|Any CPU
	EndGlobalSection
	GlobalSection(SolutionProperties) = preSolution
		HideSolutionNode = FALSE
	EndGlobalSection
	GlobalSection(ExtensibilityGlobals) = postSolution
		SolutionGuid = {24097A61-BBBB-4A80-9A4B-4451EE37CA6D}
	EndGlobalSection
EndGlobal
