
Microsoft Visual Studio Solution File, Format Version 12.00
# Visual Studio Version 16
VisualStudioVersion = 16.0.31702.278
MinimumVisualStudioVersion = 10.0.40219.1
Project("{FAE04EC0-301F-11D3-BF4B-00C04F79EFBC}") = "ApiPruebaTecnica", "ApiPruebaTecnica\ApiPruebaTecnica.csproj", "{C4F8703E-D611-40F0-A06E-8611ABDE9F55}"
EndProject
Global
	GlobalSection(SolutionConfigurationPlatforms) = preSolution
		Debug|Any CPU = Debug|Any CPU
		Release|Any CPU = Release|Any CPU
	EndGlobalSection
	GlobalSection(ProjectConfigurationPlatforms) = postSolution
		{C4F8703E-D611-40F0-A06E-8611ABDE9F55}.Debug|Any CPU.ActiveCfg = Debug|Any CPU
		{C4F8703E-D611-40F0-A06E-8611ABDE9F55}.Debug|Any CPU.Build.0 = Debug|Any CPU
		{C4F8703E-D611-40F0-A06E-8611ABDE9F55}.Release|Any CPU.ActiveCfg = Release|Any CPU
		{C4F8703E-D611-40F0-A06E-8611ABDE9F55}.Release|Any CPU.Build.0 = Release|Any CPU
	EndGlobalSection
	GlobalSection(SolutionProperties) = preSolution
		HideSolutionNode = FALSE
	EndGlobalSection
	GlobalSection(ExtensibilityGlobals) = postSolution
		SolutionGuid = {FF81E4F8-9213-438C-8586-92A628B56E0C}
	EndGlobalSection
EndGlobal
