
Microsoft Visual Studio Solution File, Format Version 12.00
# Visual Studio Version 16
VisualStudioVersion = 16.0.30114.105
MinimumVisualStudioVersion = 10.0.40219.1
Project("{FAE04EC0-301F-11D3-BF4B-00C04F79EFBC}") = "backend-prueba-tecnica", "backend-prueba-tecnica\backend-prueba-tecnica.csproj", "{A13EB00B-7134-4619-8818-D99FD99056E2}"
EndProject
Global
	GlobalSection(SolutionConfigurationPlatforms) = preSolution
		Debug|Any CPU = Debug|Any CPU
		Release|Any CPU = Release|Any CPU
	EndGlobalSection
	GlobalSection(ProjectConfigurationPlatforms) = postSolution
		{A13EB00B-7134-4619-8818-D99FD99056E2}.Debug|Any CPU.ActiveCfg = Debug|Any CPU
		{A13EB00B-7134-4619-8818-D99FD99056E2}.Debug|Any CPU.Build.0 = Debug|Any CPU
		{A13EB00B-7134-4619-8818-D99FD99056E2}.Release|Any CPU.ActiveCfg = Release|Any CPU
		{A13EB00B-7134-4619-8818-D99FD99056E2}.Release|Any CPU.Build.0 = Release|Any CPU
	EndGlobalSection
	GlobalSection(SolutionProperties) = preSolution
		HideSolutionNode = FALSE
	EndGlobalSection
	GlobalSection(ExtensibilityGlobals) = postSolution
		SolutionGuid = {1CEB15B0-B7CB-465A-A10B-FE07AC9BFC88}
	EndGlobalSection
EndGlobal
