
Microsoft Visual Studio Solution File, Format Version 12.00
# Visual Studio Version 16
VisualStudioVersion = 16.0.31515.178
MinimumVisualStudioVersion = 10.0.40219.1
Project("{FAE04EC0-301F-11D3-BF4B-00C04F79EFBC}") = "PruebaTecnicaJAGFront", "PruebaTecnicaJAGFront\PruebaTecnicaJAGFront.csproj", "{2652ED2C-D866-4731-AB70-43F153894A04}"
EndProject
Global
	GlobalSection(SolutionConfigurationPlatforms) = preSolution
		Debug|Any CPU = Debug|Any CPU
		Release|Any CPU = Release|Any CPU
	EndGlobalSection
	GlobalSection(ProjectConfigurationPlatforms) = postSolution
		{2652ED2C-D866-4731-AB70-43F153894A04}.Debug|Any CPU.ActiveCfg = Debug|Any CPU
		{2652ED2C-D866-4731-AB70-43F153894A04}.Debug|Any CPU.Build.0 = Debug|Any CPU
		{2652ED2C-D866-4731-AB70-43F153894A04}.Release|Any CPU.ActiveCfg = Release|Any CPU
		{2652ED2C-D866-4731-AB70-43F153894A04}.Release|Any CPU.Build.0 = Release|Any CPU
	EndGlobalSection
	GlobalSection(SolutionProperties) = preSolution
		HideSolutionNode = FALSE
	EndGlobalSection
	GlobalSection(ExtensibilityGlobals) = postSolution
		SolutionGuid = {4427427C-A4EF-4AB3-9AF1-8B4DDDEBA196}
	EndGlobalSection
EndGlobal
